
Microsoft Visual Studio Solution File, Format Version 12.00
# Visual Studio 2013
VisualStudioVersion = 12.0.30501.0
MinimumVisualStudioVersion = 10.0.40219.1
Project("{8BC9CEB8-8B4A-11D0-8D11-00A0C91BC942}") = "GLWindow", "prj\GLWindow_Trangle\GLWindow.vcxproj", "{4139D970-D83F-4464-98EB-157B0B3F94EA}"
EndProject
Project("{8BC9CEB8-8B4A-11D0-8D11-00A0C91BC942}") = "Transform", "prj\Transform\Transform.vcxproj", "{D33CE427-BD55-49BB-9AF7-BD3C8E208F4A}"
EndProject
Project("{8BC9CEB8-8B4A-11D0-8D11-00A0C91BC942}") = "Coords", "prj\Coords\Coords.vcxproj", "{30D362BE-E957-4006-A50F-65EA735B8438}"
EndProject
Project("{8BC9CEB8-8B4A-11D0-8D11-00A0C91BC942}") = "Camera", "prj\Camera\Camera.vcxproj", "{565397C4-E943-4B19-B59D-59F777487497}"
EndProject
Project("{8BC9CEB8-8B4A-11D0-8D11-00A0C91BC942}") = "Color", "prj\Color\Color.vcxproj", "{00F3B978-940A-4937-BC86-35E321EE2861}"
EndProject
Project("{8BC9CEB8-8B4A-11D0-8D11-00A0C91BC942}") = "Material", "prj\Material\Material.vcxproj", "{C665126A-FC7F-402A-BB2F-B609937A3083}"
EndProject
Global
	GlobalSection(SolutionConfigurationPlatforms) = preSolution
		Debug|Win32 = Debug|Win32
		Release|Win32 = Release|Win32
	EndGlobalSection
	GlobalSection(ProjectConfigurationPlatforms) = postSolution
		{4139D970-D83F-4464-98EB-157B0B3F94EA}.Debug|Win32.ActiveCfg = Debug|Win32
		{4139D970-D83F-4464-98EB-157B0B3F94EA}.Debug|Win32.Build.0 = Debug|Win32
		{4139D970-D83F-4464-98EB-157B0B3F94EA}.Release|Win32.ActiveCfg = Release|Win32
		{4139D970-D83F-4464-98EB-157B0B3F94EA}.Release|Win32.Build.0 = Release|Win32
		{D33CE427-BD55-49BB-9AF7-BD3C8E208F4A}.Debug|Win32.ActiveCfg = Debug|Win32
		{D33CE427-BD55-49BB-9AF7-BD3C8E208F4A}.Debug|Win32.Build.0 = Debug|Win32
		{D33CE427-BD55-49BB-9AF7-BD3C8E208F4A}.Release|Win32.ActiveCfg = Release|Win32
		{D33CE427-BD55-49BB-9AF7-BD3C8E208F4A}.Release|Win32.Build.0 = Release|Win32
		{30D362BE-E957-4006-A50F-65EA735B8438}.Debug|Win32.ActiveCfg = Debug|Win32
		{30D362BE-E957-4006-A50F-65EA735B8438}.Debug|Win32.Build.0 = Debug|Win32
		{30D362BE-E957-4006-A50F-65EA735B8438}.Release|Win32.ActiveCfg = Release|Win32
		{30D362BE-E957-4006-A50F-65EA735B8438}.Release|Win32.Build.0 = Release|Win32
		{565397C4-E943-4B19-B59D-59F777487497}.Debug|Win32.ActiveCfg = Debug|Win32
		{565397C4-E943-4B19-B59D-59F777487497}.Debug|Win32.Build.0 = Debug|Win32
		{565397C4-E943-4B19-B59D-59F777487497}.Release|Win32.ActiveCfg = Release|Win32
		{565397C4-E943-4B19-B59D-59F777487497}.Release|Win32.Build.0 = Release|Win32
		{00F3B978-940A-4937-BC86-35E321EE2861}.Debug|Win32.ActiveCfg = Debug|Win32
		{00F3B978-940A-4937-BC86-35E321EE2861}.Debug|Win32.Build.0 = Debug|Win32
		{00F3B978-940A-4937-BC86-35E321EE2861}.Release|Win32.ActiveCfg = Release|Win32
		{00F3B978-940A-4937-BC86-35E321EE2861}.Release|Win32.Build.0 = Release|Win32
		{C665126A-FC7F-402A-BB2F-B609937A3083}.Debug|Win32.ActiveCfg = Debug|Win32
		{C665126A-FC7F-402A-BB2F-B609937A3083}.Debug|Win32.Build.0 = Debug|Win32
		{C665126A-FC7F-402A-BB2F-B609937A3083}.Release|Win32.ActiveCfg = Release|Win32
		{C665126A-FC7F-402A-BB2F-B609937A3083}.Release|Win32.Build.0 = Release|Win32
	EndGlobalSection
	GlobalSection(SolutionProperties) = preSolution
		HideSolutionNode = FALSE
	EndGlobalSection
EndGlobal
